// !$*UTF8*$!
{
	archiveVersion = 1;
	classes = {
	};
	objectVersion = 46;
	objects = {

/* Begin PBXBuildFile section */
		17E5A74A1AE001EB000C15BB /* main.m in Sources */ = {isa = PBXBuildFile; fileRef = 17E5A7491AE001EB000C15BB /* main.m */; };
		17E5A74D1AE001EB000C15BB /* AppDelegate.m in Sources */ = {isa = PBXBuildFile; fileRef = 17E5A74C1AE001EB000C15BB /* AppDelegate.m */; };
		17E5A7501AE001EB000C15BB /* ViewController.m in Sources */ = {isa = PBXBuildFile; fileRef = 17E5A74F1AE001EB000C15BB /* ViewController.m */; };
		17E5A7531AE001EB000C15BB /* Main.storyboard in Resources */ = {isa = PBXBuildFile; fileRef = 17E5A7511AE001EB000C15BB /* Main.storyboard */; };
		17E5A7551AE001EB000C15BB /* Images.xcassets in Resources */ = {isa = PBXBuildFile; fileRef = 17E5A7541AE001EB000C15BB /* Images.xcassets */; };
		17E5A7581AE001EB000C15BB /* LaunchScreen.xib in Resources */ = {isa = PBXBuildFile; fileRef = 17E5A7561AE001EB000C15BB /* LaunchScreen.xib */; };
		17E5A7641AE001EB000C15BB /* AnimationAppTests.m in Sources */ = {isa = PBXBuildFile; fileRef = 17E5A7631AE001EB000C15BB /* AnimationAppTests.m */; };
/* End PBXBuildFile section */

/* Begin PBXContainerItemProxy section */
		17E5A75E1AE001EB000C15BB /* PBXContainerItemProxy */ = {
			isa = PBXContainerItemProxy;
			containerPortal = 17E5A73C1AE001EB000C15BB /* Project object */;
			proxyType = 1;
			remoteGlobalIDString = 17E5A7431AE001EB000C15BB;
			remoteInfo = AnimationApp;
		};
/* End PBXContainerItemProxy section */

/* Begin PBXFileReference section */
		17E5A7441AE001EB000C15BB /* AnimationApp.app */ = {isa = PBXFileReference; explicitFileType = wrapper.application; includeInIndex = 0; path = AnimationApp.app; sourceTree = BUILT_PRODUCTS_DIR; };
		17E5A7481AE001EB000C15BB /* Info.plist */ = {isa = PBXFileReference; lastKnownFileType = text.plist.xml; path = Info.plist; sourceTree = "<group>"; };
		17E5A7491AE001EB000C15BB /* main.m */ = {isa = PBXFileReference; lastKnownFileType = sourcecode.c.objc; path = main.m; sourceTree = "<group>"; };
		17E5A74B1AE001EB000C15BB /* AppDelegate.h */ = {isa = PBXFileReference; lastKnownFileType = sourcecode.c.h; path = AppDelegate.h; sourceTree = "<group>"; };
		17E5A74C1AE001EB000C15BB /* AppDelegate.m */ = {isa = PBXFileReference; lastKnownFileType = sourcecode.c.objc; path = AppDelegate.m; sourceTree = "<group>"; };
		17E5A74E1AE001EB000C15BB /* ViewController.h */ = {isa = PBXFileReference; lastKnownFileType = sourcecode.c.h; path = ViewController.h; sourceTree = "<group>"; };
		17E5A74F1AE001EB000C15BB /* ViewController.m */ = {isa = PBXFileReference; lastKnownFileType = sourcecode.c.objc; path = ViewController.m; sourceTree = "<group>"; };
		17E5A7521AE001EB000C15BB /* Base */ = {isa = PBXFileReference; lastKnownFileType = file.storyboard; name = Base; path = Base.lproj/Main.storyboard; sourceTree = "<group>"; };
		17E5A7541AE001EB000C15BB /* Images.xcassets */ = {isa = PBXFileReference; lastKnownFileType = folder.assetcatalog; path = Images.xcassets; sourceTree = "<group>"; };
		17E5A7571AE001EB000C15BB /* Base */ = {isa = PBXFileReference; lastKnownFileType = file.xib; name = Base; path = Base.lproj/LaunchScreen.xib; sourceTree = "<group>"; };
		17E5A75D1AE001EB000C15BB /* AnimationAppTests.xctest */ = {isa = PBXFileReference; explicitFileType = wrapper.cfbundle; includeInIndex = 0; path = AnimationAppTests.xctest; sourceTree = BUILT_PRODUCTS_DIR; };
		17E5A7621AE001EB000C15BB /* Info.plist */ = {isa = PBXFileReference; lastKnownFileType = text.plist.xml; path = Info.plist; sourceTree = "<group>"; };
		17E5A7631AE001EB000C15BB /* AnimationAppTests.m */ = {isa = PBXFileReference; lastKnownFileType = sourcecode.c.objc; path = AnimationAppTests.m; sourceTree = "<group>"; };
/* End PBXFileReference section */

/* Begin PBXFrameworksBuildPhase section */
		17E5A7411AE001EB000C15BB /* Frameworks */ = {
			isa = PBXFrameworksBuildPhase;
			buildActionMask = 2147483647;
			files = (
			);
			runOnlyForDeploymentPostprocessing = 0;
		};
		17E5A75A1AE001EB000C15BB /* Frameworks */ = {
			isa = PBXFrameworksBuildPhase;
			buildActionMask = 2147483647;
			files = (
			);
			runOnlyForDeploymentPostprocessing = 0;
		};
/* End PBXFrameworksBuildPhase section */

/* Begin PBXGroup section */
		17E5A73B1AE001EB000C15BB = {
			isa = PBXGroup;
			children = (
				17E5A7461AE001EB000C15BB /* AnimationApp */,
				17E5A7601AE001EB000C15BB /* AnimationAppTests */,
				17E5A7451AE001EB000C15BB /* Products */,
			);
			sourceTree = "<group>";
		};
		17E5A7451AE001EB000C15BB /* Products */ = {
			isa = PBXGroup;
			children = (
				17E5A7441AE001EB000C15BB /* AnimationApp.app */,
				17E5A75D1AE001EB000C15BB /* AnimationAppTests.xctest */,
			);
			name = Products;
			sourceTree = "<group>";
		};
		17E5A7461AE001EB000C15BB /* AnimationApp */ = {
			isa = PBXGroup;
			children = (
				17E5A74B1AE001EB000C15BB /* AppDelegate.h */,
				17E5A74C1AE001EB000C15BB /* AppDelegate.m */,
				17E5A74E1AE001EB000C15BB /* ViewController.h */,
				17E5A74F1AE001EB000C15BB /* ViewController.m */,
				17E5A7511AE001EB000C15BB /* Main.storyboard */,
				17E5A7541AE001EB000C15BB /* Images.xcassets */,
				17E5A7561AE001EB000C15BB /* LaunchScreen.xib */,
				17E5A7471AE001EB000C15BB /* Supporting Files */,
			);
			path = AnimationApp;
			sourceTree = "<group>";
		};
		17E5A7471AE001EB000C15BB /* Supporting Files */ = {
			isa = PBXGroup;
			children = (
				17E5A7481AE001EB000C15BB /* Info.plist */,
				17E5A7491AE001EB000C15BB /* main.m */,
			);
			name = "Supporting Files";
			sourceTree = "<group>";
		};
		17E5A7601AE001EB000C15BB /* AnimationAppTests */ = {
			isa = PBXGroup;
			children = (
				17E5A7631AE001EB000C15BB /* AnimationAppTests.m */,
				17E5A7611AE001EB000C15BB /* Supporting Files */,
			);
			path = AnimationAppTests;
			sourceTree = "<group>";
		};
		17E5A7611AE001EB000C15BB /* Supporting Files */ = {
			isa = PBXGroup;
			children = (
				17E5A7621AE001EB000C15BB /* Info.plist */,
			);
			name = "Supporting Files";
			sourceTree = "<group>";
		};
/* End PBXGroup section */

/* Begin PBXNativeTarget section */
		17E5A7431AE001EB000C15BB /* AnimationApp */ = {
			isa = PBXNativeTarget;
			buildConfigurationList = 17E5A7671AE001EB000C15BB /* Build configuration list for PBXNativeTarget "AnimationApp" */;
			buildPhases = (
				17E5A7401AE001EB000C15BB /* Sources */,
				17E5A7411AE001EB000C15BB /* Frameworks */,
				17E5A7421AE001EB000C15BB /* Resources */,
			);
			buildRules = (
			);
			dependencies = (
			);
			name = AnimationApp;
			productName = AnimationApp;
			productReference = 17E5A7441AE001EB000C15BB /* AnimationApp.app */;
			productType = "com.apple.product-type.application";
		};
		17E5A75C1AE001EB000C15BB /* AnimationAppTests */ = {
			isa = PBXNativeTarget;
			buildConfigurationList = 17E5A76A1AE001EB000C15BB /* Build configuration list for PBXNativeTarget "AnimationAppTests" */;
			buildPhases = (
				17E5A7591AE001EB000C15BB /* Sources */,
				17E5A75A1AE001EB000C15BB /* Frameworks */,
				17E5A75B1AE001EB000C15BB /* Resources */,
			);
			buildRules = (
			);
			dependencies = (
				17E5A75F1AE001EB000C15BB /* PBXTargetDependency */,
			);
			name = AnimationAppTests;
			productName = AnimationAppTests;
			productReference = 17E5A75D1AE001EB000C15BB /* AnimationAppTests.xctest */;
			productType = "com.apple.product-type.bundle.unit-test";
		};
/* End PBXNativeTarget section */

/* Begin PBXProject section */
		17E5A73C1AE001EB000C15BB /* Project object */ = {
			isa = PBXProject;
			attributes = {
				LastUpgradeCheck = 0630;
				ORGANIZATIONNAME = Classroom;
				TargetAttributes = {
					17E5A7431AE001EB000C15BB = {
						CreatedOnToolsVersion = 6.3;
					};
					17E5A75C1AE001EB000C15BB = {
						CreatedOnToolsVersion = 6.3;
						TestTargetID = 17E5A7431AE001EB000C15BB;
					};
				};
			};
			buildConfigurationList = 17E5A73F1AE001EB000C15BB /* Build configuration list for PBXProject "AnimationApp" */;
			compatibilityVersion = "Xcode 3.2";
			developmentRegion = English;
			hasScannedForEncodings = 0;
			knownRegions = (
				en,
				Base,
			);
			mainGroup = 17E5A73B1AE001EB000C15BB;
			productRefGroup = 17E5A7451AE001EB000C15BB /* Products */;
			projectDirPath = "";
			projectRoot = "";
			targets = (
				17E5A7431AE001EB000C15BB /* AnimationApp */,
				17E5A75C1AE001EB000C15BB /* AnimationAppTests */,
			);
		};
/* End PBXProject section */

/* Begin PBXResourcesBuildPhase section */
		17E5A7421AE001EB000C15BB /* Resources */ = {
			isa = PBXResourcesBuildPhase;
			buildActionMask = 2147483647;
			files = (
				17E5A7531AE001EB000C15BB /* Main.storyboard in Resources */,
				17E5A7581AE001EB000C15BB /* LaunchScreen.xib in Resources */,
				17E5A7551AE001EB000C15BB /* Images.xcassets in Resources */,
			);
			runOnlyForDeploymentPostprocessing = 0;
		};
		17E5A75B1AE001EB000C15BB /* Resources */ = {
			isa = PBXResourcesBuildPhase;
			buildActionMask = 2147483647;
			files = (
			);
			runOnlyForDeploymentPostprocessing = 0;
		};
/* End PBXResourcesBuildPhase section */

/* Begin PBXSourcesBuildPhase section */
		17E5A7401AE001EB000C15BB /* Sources */ = {
			isa = PBXSourcesBuildPhase;
			buildActionMask = 2147483647;
			files = (
				17E5A7501AE001EB000C15BB /* ViewController.m in Sources */,
				17E5A74D1AE001EB000C15BB /* AppDelegate.m in Sources */,
				17E5A74A1AE001EB000C15BB /* main.m in Sources */,
			);
			runOnlyForDeploymentPostprocessing = 0;
		};
		17E5A7591AE001EB000C15BB /* Sources */ = {
			isa = PBXSourcesBuildPhase;
			buildActionMask = 2147483647;
			files = (
				17E5A7641AE001EB000C15BB /* AnimationAppTests.m in Sources */,
			);
			runOnlyForDeploymentPostprocessing = 0;
		};
/* End PBXSourcesBuildPhase section */

/* Begin PBXTargetDependency section */
		17E5A75F1AE001EB000C15BB /* PBXTargetDependency */ = {
			isa = PBXTargetDependency;
			target = 17E5A7431AE001EB000C15BB /* AnimationApp */;
			targetProxy = 17E5A75E1AE001EB000C15BB /* PBXContainerItemProxy */;
		};
/* End PBXTargetDependency section */

/* Begin PBXVariantGroup section */
		17E5A7511AE001EB000C15BB /* Main.storyboard */ = {
			isa = PBXVariantGroup;
			children = (
				17E5A7521AE001EB000C15BB /* Base */,
			);
			name = Main.storyboard;
			sourceTree = "<group>";
		};
		17E5A7561AE001EB000C15BB /* LaunchScreen.xib */ = {
			isa = PBXVariantGroup;
			children = (
				17E5A7571AE001EB000C15BB /* Base */,
			);
			name = LaunchScreen.xib;
			sourceTree = "<group>";
		};
/* End PBXVariantGroup section */

/* Begin XCBuildConfiguration section */
		17E5A7651AE001EB000C15BB /* Debug */ = {
			isa = XCBuildConfiguration;
			buildSettings = {
				ALWAYS_SEARCH_USER_PATHS = NO;
				CLANG_CXX_LANGUAGE_STANDARD = "gnu++0x";
				CLANG_CXX_LIBRARY = "libc++";
				CLANG_ENABLE_MODULES = YES;
				CLANG_ENABLE_OBJC_ARC = YES;
				CLANG_WARN_BOOL_CONVERSION = YES;
				CLANG_WARN_CONSTANT_CONVERSION = YES;
				CLANG_WARN_DIRECT_OBJC_ISA_USAGE = YES_ERROR;
				CLANG_WARN_EMPTY_BODY = YES;
				CLANG_WARN_ENUM_CONVERSION = YES;
				CLANG_WARN_INT_CONVERSION = YES;
				CLANG_WARN_OBJC_ROOT_CLASS = YES_ERROR;
				CLANG_WARN_UNREACHABLE_CODE = YES;
				CLANG_WARN__DUPLICATE_METHOD_MATCH = YES;
				"CODE_SIGN_IDENTITY[sdk=iphoneos*]" = "iPhone Developer";
				COPY_PHASE_STRIP = NO;
				DEBUG_INFORMATION_FORMAT = "dwarf-with-dsym";
				ENABLE_STRICT_OBJC_MSGSEND = YES;
				GCC_C_LANGUAGE_STANDARD = gnu99;
				GCC_DYNAMIC_NO_PIC = NO;
				GCC_NO_COMMON_BLOCKS = YES;
				GCC_OPTIMIZATION_LEVEL = 0;
				GCC_PREPROCESSOR_DEFINITIONS = (
					"DEBUG=1",
					"$(inherited)",
				);
				GCC_SYMBOLS_PRIVATE_EXTERN = NO;
				GCC_WARN_64_TO_32_BIT_CONVERSION = YES;
				GCC_WARN_ABOUT_RETURN_TYPE = YES_ERROR;
				GCC_WARN_UNDECLARED_SELECTOR = YES;
				GCC_WARN_UNINITIALIZED_AUTOS = YES_AGGRESSIVE;
				GCC_WARN_UNUSED_FUNCTION = YES;
				GCC_WARN_UNUSED_VARIABLE = YES;
				IPHONEOS_DEPLOYMENT_TARGET = 8.3;
				MTL_ENABLE_DEBUG_INFO = YES;
				ONLY_ACTIVE_ARCH = YES;
				SDKROOT = iphoneos;
				TARGETED_DEVICE_FAMILY = "1,2";
			};
			name = Debug;
		};
		17E5A7661AE001EB000C15BB /* Release */ = {
			isa = XCBuildConfiguration;
			buildSettings = {
				ALWAYS_SEARCH_USER_PATHS = NO;
				CLANG_CXX_LANGUAGE_STANDARD = "gnu++0x";
				CLANG_CXX_LIBRARY = "libc++";
				CLANG_ENABLE_MODULES = YES;
				CLANG_ENABLE_OBJC_ARC = YES;
				CLANG_WARN_BOOL_CONVERSION = YES;
				CLANG_WARN_CONSTANT_CONVERSION = YES;
				CLANG_WARN_DIRECT_OBJC_ISA_USAGE = YES_ERROR;
				CLANG_WARN_EMPTY_BODY = YES;
				CLANG_WARN_ENUM_CONVERSION = YES;
				CLANG_WARN_INT_CONVERSION = YES;
				CLANG_WARN_OBJC_ROOT_CLASS = YES_ERROR;
				CLANG_WARN_UNREACHABLE_CODE = YES;
				CLANG_WARN__DUPLICATE_METHOD_MATCH = YES;
				"CODE_SIGN_IDENTITY[sdk=iphoneos*]" = "iPhone Developer";
				COPY_PHASE_STRIP = NO;
				DEBUG_INFORMATION_FORMAT = "dwarf-with-dsym";
				ENABLE_NS_ASSERTIONS = NO;
				ENABLE_STRICT_OBJC_MSGSEND = YES;
				GCC_C_LANGUAGE_STANDARD = gnu99;
				GCC_NO_COMMON_BLOCKS = YES;
				GCC_WARN_64_TO_32_BIT_CONVERSION = YES;
				GCC_WARN_ABOUT_RETURN_TYPE = YES_ERROR;
				GCC_WARN_UNDECLARED_SELECTOR = YES;
				GCC_WARN_UNINITIALIZED_AUTOS = YES_AGGRESSIVE;
				GCC_WARN_UNUSED_FUNCTION = YES;
				GCC_WARN_UNUSED_VARIABLE = YES;
				IPHONEOS_DEPLOYMENT_TARGET = 8.3;
				MTL_ENABLE_DEBUG_INFO = NO;
				SDKROOT = iphoneos;
				TARGETED_DEVICE_FAMILY = "1,2";
				VALIDATE_PRODUCT = YES;
			};
			name = Release;
		};
		17E5A7681AE001EB000C15BB /* Debug */ = {
			isa = XCBuildConfiguration;
			buildSettings = {
				ASSETCATALOG_COMPILER_APPICON_NAME = AppIcon;
				INFOPLIST_FILE = AnimationApp/Info.plist;
				LD_RUNPATH_SEARCH_PATHS = "$(inherited) @executable_path/Frameworks";
				PRODUCT_NAME = "$(TARGET_NAME)";
			};
			name = Debug;
		};
		17E5A7691AE001EB000C15BB /* Release */ = {
			isa = XCBuildConfiguration;
			buildSettings = {
				ASSETCATALOG_COMPILER_APPICON_NAME = AppIcon;
				INFOPLIST_FILE = AnimationApp/Info.plist;
				LD_RUNPATH_SEARCH_PATHS = "$(inherited) @executable_path/Frameworks";
				PRODUCT_NAME = "$(TARGET_NAME)";
			};
			name = Release;
		};
		17E5A76B1AE001EB000C15BB /* Debug */ = {
			isa = XCBuildConfiguration;
			buildSettings = {
				BUNDLE_LOADER = "$(TEST_HOST)";
				FRAMEWORK_SEARCH_PATHS = (
					"$(SDKROOT)/Developer/Library/Frameworks",
					"$(inherited)",
				);
				GCC_PREPROCESSOR_DEFINITIONS = (
					"DEBUG=1",
					"$(inherited)",
				);
				INFOPLIST_FILE = AnimationAppTests/Info.plist;
				LD_RUNPATH_SEARCH_PATHS = "$(inherited) @executable_path/Frameworks @loader_path/Frameworks";
				PRODUCT_NAME = "$(TARGET_NAME)";
				TEST_HOST = "$(BUILT_PRODUCTS_DIR)/AnimationApp.app/AnimationApp";
			};
			name = Debug;
		};
		17E5A76C1AE001EB000C15BB /* Release */ = {
			isa = XCBuildConfiguration;
			buildSettings = {
				BUNDLE_LOADER = "$(TEST_HOST)";
				FRAMEWORK_SEARCH_PATHS = (
					"$(SDKROOT)/Developer/Library/Frameworks",
					"$(inherited)",
				);
				INFOPLIST_FILE = AnimationAppTests/Info.plist;
				LD_RUNPATH_SEARCH_PATHS = "$(inherited) @executable_path/Frameworks @loader_path/Frameworks";
				PRODUCT_NAME = "$(TARGET_NAME)";
				TEST_HOST = "$(BUILT_PRODUCTS_DIR)/AnimationApp.app/AnimationApp";
			};
			name = Release;
		};
/* End XCBuildConfiguration section */

/* Begin XCConfigurationList section */
		17E5A73F1AE001EB000C15BB /* Build configuration list for PBXProject "AnimationApp" */ = {
			isa = XCConfigurationList;
			buildConfigurations = (
				17E5A7651AE001EB000C15BB /* Debug */,
				17E5A7661AE001EB000C15BB /* Release */,
			);
			defaultConfigurationIsVisible = 0;
			defaultConfigurationName = Release;
		};
		17E5A7671AE001EB000C15BB /* Build configuration list for PBXNativeTarget "AnimationApp" */ = {
			isa = XCConfigurationList;
			buildConfigurations = (
				17E5A7681AE001EB000C15BB /* Debug */,
				17E5A7691AE001EB000C15BB /* Release */,
			);
			defaultConfigurationIsVisible = 0;
		};
		17E5A76A1AE001EB000C15BB /* Build configuration list for PBXNativeTarget "AnimationAppTests" */ = {
			isa = XCConfigurationList;
			buildConfigurations = (
				17E5A76B1AE001EB000C15BB /* Debug */,
				17E5A76C1AE001EB000C15BB /* Release */,
			);
			defaultConfigurationIsVisible = 0;
		};
/* End XCConfigurationList section */
	};
	rootObject = 17E5A73C1AE001EB000C15BB /* Project object */;
}
