// !$*UTF8*$!
{
	archiveVersion = 1;
	classes = {
	};
	objectVersion = 46;
	objects = {

/* Begin PBXBuildFile section */
		175E0B821ADD7F8900E64758 /* main.m in Sources */ = {isa = PBXBuildFile; fileRef = 175E0B811ADD7F8900E64758 /* main.m */; };
		175E0B851ADD7F8900E64758 /* AppDelegate.m in Sources */ = {isa = PBXBuildFile; fileRef = 175E0B841ADD7F8900E64758 /* AppDelegate.m */; };
		175E0B881ADD7F8900E64758 /* MasterViewController.m in Sources */ = {isa = PBXBuildFile; fileRef = 175E0B871ADD7F8900E64758 /* MasterViewController.m */; };
		175E0B8B1ADD7F8900E64758 /* DetailViewController.m in Sources */ = {isa = PBXBuildFile; fileRef = 175E0B8A1ADD7F8900E64758 /* DetailViewController.m */; };
		175E0B8E1ADD7F8900E64758 /* Main.storyboard in Resources */ = {isa = PBXBuildFile; fileRef = 175E0B8C1ADD7F8900E64758 /* Main.storyboard */; };
		175E0B931ADD7F8900E64758 /* LaunchScreen.xib in Resources */ = {isa = PBXBuildFile; fileRef = 175E0B911ADD7F8900E64758 /* LaunchScreen.xib */; };
		175E0B9F1ADD7F8900E64758 /* CarBrowserTests.m in Sources */ = {isa = PBXBuildFile; fileRef = 175E0B9E1ADD7F8900E64758 /* CarBrowserTests.m */; };
		175E0BAA1ADD812400E64758 /* Car.m in Sources */ = {isa = PBXBuildFile; fileRef = 175E0BA91ADD812400E64758 /* Car.m */; };
		175E0BB41ADD8A8B00E64758 /* Images.xcassets in Resources */ = {isa = PBXBuildFile; fileRef = 175E0BB31ADD8A8B00E64758 /* Images.xcassets */; };
		175E0BB91ADD8B1500E64758 /* CarTableViewCell.m in Sources */ = {isa = PBXBuildFile; fileRef = 175E0BB81ADD8B1500E64758 /* CarTableViewCell.m */; };
/* End PBXBuildFile section */

/* Begin PBXContainerItemProxy section */
		175E0B991ADD7F8900E64758 /* PBXContainerItemProxy */ = {
			isa = PBXContainerItemProxy;
			containerPortal = 175E0B741ADD7F8900E64758 /* Project object */;
			proxyType = 1;
			remoteGlobalIDString = 175E0B7B1ADD7F8900E64758;
			remoteInfo = CarBrowser;
		};
/* End PBXContainerItemProxy section */

/* Begin PBXFileReference section */
		175E0B7C1ADD7F8900E64758 /* CarBrowser.app */ = {isa = PBXFileReference; explicitFileType = wrapper.application; includeInIndex = 0; path = CarBrowser.app; sourceTree = BUILT_PRODUCTS_DIR; };
		175E0B801ADD7F8900E64758 /* Info.plist */ = {isa = PBXFileReference; lastKnownFileType = text.plist.xml; path = Info.plist; sourceTree = "<group>"; };
		175E0B811ADD7F8900E64758 /* main.m */ = {isa = PBXFileReference; lastKnownFileType = sourcecode.c.objc; path = main.m; sourceTree = "<group>"; };
		175E0B831ADD7F8900E64758 /* AppDelegate.h */ = {isa = PBXFileReference; lastKnownFileType = sourcecode.c.h; path = AppDelegate.h; sourceTree = "<group>"; };
		175E0B841ADD7F8900E64758 /* AppDelegate.m */ = {isa = PBXFileReference; lastKnownFileType = sourcecode.c.objc; path = AppDelegate.m; sourceTree = "<group>"; };
		175E0B861ADD7F8900E64758 /* MasterViewController.h */ = {isa = PBXFileReference; lastKnownFileType = sourcecode.c.h; path = MasterViewController.h; sourceTree = "<group>"; };
		175E0B871ADD7F8900E64758 /* MasterViewController.m */ = {isa = PBXFileReference; lastKnownFileType = sourcecode.c.objc; path = MasterViewController.m; sourceTree = "<group>"; };
		175E0B891ADD7F8900E64758 /* DetailViewController.h */ = {isa = PBXFileReference; lastKnownFileType = sourcecode.c.h; path = DetailViewController.h; sourceTree = "<group>"; };
		175E0B8A1ADD7F8900E64758 /* DetailViewController.m */ = {isa = PBXFileReference; lastKnownFileType = sourcecode.c.objc; path = DetailViewController.m; sourceTree = "<group>"; };
		175E0B8D1ADD7F8900E64758 /* Base */ = {isa = PBXFileReference; lastKnownFileType = file.storyboard; name = Base; path = Base.lproj/Main.storyboard; sourceTree = "<group>"; };
		175E0B921ADD7F8900E64758 /* Base */ = {isa = PBXFileReference; lastKnownFileType = file.xib; name = Base; path = Base.lproj/LaunchScreen.xib; sourceTree = "<group>"; };
		175E0B981ADD7F8900E64758 /* CarBrowserTests.xctest */ = {isa = PBXFileReference; explicitFileType = wrapper.cfbundle; includeInIndex = 0; path = CarBrowserTests.xctest; sourceTree = BUILT_PRODUCTS_DIR; };
		175E0B9D1ADD7F8900E64758 /* Info.plist */ = {isa = PBXFileReference; lastKnownFileType = text.plist.xml; path = Info.plist; sourceTree = "<group>"; };
		175E0B9E1ADD7F8900E64758 /* CarBrowserTests.m */ = {isa = PBXFileReference; lastKnownFileType = sourcecode.c.objc; path = CarBrowserTests.m; sourceTree = "<group>"; };
		175E0BA81ADD812400E64758 /* Car.h */ = {isa = PBXFileReference; fileEncoding = 4; lastKnownFileType = sourcecode.c.h; path = Car.h; sourceTree = "<group>"; };
		175E0BA91ADD812400E64758 /* Car.m */ = {isa = PBXFileReference; fileEncoding = 4; lastKnownFileType = sourcecode.c.objc; path = Car.m; sourceTree = "<group>"; };
		175E0BB31ADD8A8B00E64758 /* Images.xcassets */ = {isa = PBXFileReference; lastKnownFileType = folder.assetcatalog; path = Images.xcassets; sourceTree = "<group>"; };
		175E0BB71ADD8B1500E64758 /* CarTableViewCell.h */ = {isa = PBXFileReference; fileEncoding = 4; lastKnownFileType = sourcecode.c.h; path = CarTableViewCell.h; sourceTree = "<group>"; };
		175E0BB81ADD8B1500E64758 /* CarTableViewCell.m */ = {isa = PBXFileReference; fileEncoding = 4; lastKnownFileType = sourcecode.c.objc; path = CarTableViewCell.m; sourceTree = "<group>"; };
/* End PBXFileReference section */

/* Begin PBXFrameworksBuildPhase section */
		175E0B791ADD7F8900E64758 /* Frameworks */ = {
			isa = PBXFrameworksBuildPhase;
			buildActionMask = 2147483647;
			files = (
			);
			runOnlyForDeploymentPostprocessing = 0;
		};
		175E0B951ADD7F8900E64758 /* Frameworks */ = {
			isa = PBXFrameworksBuildPhase;
			buildActionMask = 2147483647;
			files = (
			);
			runOnlyForDeploymentPostprocessing = 0;
		};
/* End PBXFrameworksBuildPhase section */

/* Begin PBXGroup section */
		175E0B731ADD7F8900E64758 = {
			isa = PBXGroup;
			children = (
				175E0B7E1ADD7F8900E64758 /* CarBrowser */,
				175E0B9B1ADD7F8900E64758 /* CarBrowserTests */,
				175E0B7D1ADD7F8900E64758 /* Products */,
			);
			sourceTree = "<group>";
		};
		175E0B7D1ADD7F8900E64758 /* Products */ = {
			isa = PBXGroup;
			children = (
				175E0B7C1ADD7F8900E64758 /* CarBrowser.app */,
				175E0B981ADD7F8900E64758 /* CarBrowserTests.xctest */,
			);
			name = Products;
			sourceTree = "<group>";
		};
		175E0B7E1ADD7F8900E64758 /* CarBrowser */ = {
			isa = PBXGroup;
			children = (
				175E0B831ADD7F8900E64758 /* AppDelegate.h */,
				175E0B841ADD7F8900E64758 /* AppDelegate.m */,
				175E0B861ADD7F8900E64758 /* MasterViewController.h */,
				175E0B871ADD7F8900E64758 /* MasterViewController.m */,
				175E0B891ADD7F8900E64758 /* DetailViewController.h */,
				175E0B8A1ADD7F8900E64758 /* DetailViewController.m */,
				175E0B8C1ADD7F8900E64758 /* Main.storyboard */,
				175E0BB31ADD8A8B00E64758 /* Images.xcassets */,
				175E0B911ADD7F8900E64758 /* LaunchScreen.xib */,
				175E0B7F1ADD7F8900E64758 /* Supporting Files */,
				175E0BA81ADD812400E64758 /* Car.h */,
				175E0BA91ADD812400E64758 /* Car.m */,
				175E0BB71ADD8B1500E64758 /* CarTableViewCell.h */,
				175E0BB81ADD8B1500E64758 /* CarTableViewCell.m */,
			);
			path = CarBrowser;
			sourceTree = "<group>";
		};
		175E0B7F1ADD7F8900E64758 /* Supporting Files */ = {
			isa = PBXGroup;
			children = (
				175E0B801ADD7F8900E64758 /* Info.plist */,
				175E0B811ADD7F8900E64758 /* main.m */,
			);
			name = "Supporting Files";
			sourceTree = "<group>";
		};
		175E0B9B1ADD7F8900E64758 /* CarBrowserTests */ = {
			isa = PBXGroup;
			children = (
				175E0B9E1ADD7F8900E64758 /* CarBrowserTests.m */,
				175E0B9C1ADD7F8900E64758 /* Supporting Files */,
			);
			path = CarBrowserTests;
			sourceTree = "<group>";
		};
		175E0B9C1ADD7F8900E64758 /* Supporting Files */ = {
			isa = PBXGroup;
			children = (
				175E0B9D1ADD7F8900E64758 /* Info.plist */,
			);
			name = "Supporting Files";
			sourceTree = "<group>";
		};
/* End PBXGroup section */

/* Begin PBXNativeTarget section */
		175E0B7B1ADD7F8900E64758 /* CarBrowser */ = {
			isa = PBXNativeTarget;
			buildConfigurationList = 175E0BA21ADD7F8900E64758 /* Build configuration list for PBXNativeTarget "CarBrowser" */;
			buildPhases = (
				175E0B781ADD7F8900E64758 /* Sources */,
				175E0B791ADD7F8900E64758 /* Frameworks */,
				175E0B7A1ADD7F8900E64758 /* Resources */,
			);
			buildRules = (
			);
			dependencies = (
			);
			name = CarBrowser;
			productName = CarBrowser;
			productReference = 175E0B7C1ADD7F8900E64758 /* CarBrowser.app */;
			productType = "com.apple.product-type.application";
		};
		175E0B971ADD7F8900E64758 /* CarBrowserTests */ = {
			isa = PBXNativeTarget;
			buildConfigurationList = 175E0BA51ADD7F8900E64758 /* Build configuration list for PBXNativeTarget "CarBrowserTests" */;
			buildPhases = (
				175E0B941ADD7F8900E64758 /* Sources */,
				175E0B951ADD7F8900E64758 /* Frameworks */,
				175E0B961ADD7F8900E64758 /* Resources */,
			);
			buildRules = (
			);
			dependencies = (
				175E0B9A1ADD7F8900E64758 /* PBXTargetDependency */,
			);
			name = CarBrowserTests;
			productName = CarBrowserTests;
			productReference = 175E0B981ADD7F8900E64758 /* CarBrowserTests.xctest */;
			productType = "com.apple.product-type.bundle.unit-test";
		};
/* End PBXNativeTarget section */

/* Begin PBXProject section */
		175E0B741ADD7F8900E64758 /* Project object */ = {
			isa = PBXProject;
			attributes = {
				LastUpgradeCheck = 0630;
				ORGANIZATIONNAME = Classroom;
				TargetAttributes = {
					175E0B7B1ADD7F8900E64758 = {
						CreatedOnToolsVersion = 6.3;
					};
					175E0B971ADD7F8900E64758 = {
						CreatedOnToolsVersion = 6.3;
						TestTargetID = 175E0B7B1ADD7F8900E64758;
					};
				};
			};
			buildConfigurationList = 175E0B771ADD7F8900E64758 /* Build configuration list for PBXProject "CarBrowser" */;
			compatibilityVersion = "Xcode 3.2";
			developmentRegion = English;
			hasScannedForEncodings = 0;
			knownRegions = (
				en,
				Base,
			);
			mainGroup = 175E0B731ADD7F8900E64758;
			productRefGroup = 175E0B7D1ADD7F8900E64758 /* Products */;
			projectDirPath = "";
			projectRoot = "";
			targets = (
				175E0B7B1ADD7F8900E64758 /* CarBrowser */,
				175E0B971ADD7F8900E64758 /* CarBrowserTests */,
			);
		};
/* End PBXProject section */

/* Begin PBXResourcesBuildPhase section */
		175E0B7A1ADD7F8900E64758 /* Resources */ = {
			isa = PBXResourcesBuildPhase;
			buildActionMask = 2147483647;
			files = (
				175E0B8E1ADD7F8900E64758 /* Main.storyboard in Resources */,
				175E0BB41ADD8A8B00E64758 /* Images.xcassets in Resources */,
				175E0B931ADD7F8900E64758 /* LaunchScreen.xib in Resources */,
			);
			runOnlyForDeploymentPostprocessing = 0;
		};
		175E0B961ADD7F8900E64758 /* Resources */ = {
			isa = PBXResourcesBuildPhase;
			buildActionMask = 2147483647;
			files = (
			);
			runOnlyForDeploymentPostprocessing = 0;
		};
/* End PBXResourcesBuildPhase section */

/* Begin PBXSourcesBuildPhase section */
		175E0B781ADD7F8900E64758 /* Sources */ = {
			isa = PBXSourcesBuildPhase;
			buildActionMask = 2147483647;
			files = (
				175E0BAA1ADD812400E64758 /* Car.m in Sources */,
				175E0B851ADD7F8900E64758 /* AppDelegate.m in Sources */,
				175E0B881ADD7F8900E64758 /* MasterViewController.m in Sources */,
				175E0B821ADD7F8900E64758 /* main.m in Sources */,
				175E0BB91ADD8B1500E64758 /* CarTableViewCell.m in Sources */,
				175E0B8B1ADD7F8900E64758 /* DetailViewController.m in Sources */,
			);
			runOnlyForDeploymentPostprocessing = 0;
		};
		175E0B941ADD7F8900E64758 /* Sources */ = {
			isa = PBXSourcesBuildPhase;
			buildActionMask = 2147483647;
			files = (
				175E0B9F1ADD7F8900E64758 /* CarBrowserTests.m in Sources */,
			);
			runOnlyForDeploymentPostprocessing = 0;
		};
/* End PBXSourcesBuildPhase section */

/* Begin PBXTargetDependency section */
		175E0B9A1ADD7F8900E64758 /* PBXTargetDependency */ = {
			isa = PBXTargetDependency;
			target = 175E0B7B1ADD7F8900E64758 /* CarBrowser */;
			targetProxy = 175E0B991ADD7F8900E64758 /* PBXContainerItemProxy */;
		};
/* End PBXTargetDependency section */

/* Begin PBXVariantGroup section */
		175E0B8C1ADD7F8900E64758 /* Main.storyboard */ = {
			isa = PBXVariantGroup;
			children = (
				175E0B8D1ADD7F8900E64758 /* Base */,
			);
			name = Main.storyboard;
			sourceTree = "<group>";
		};
		175E0B911ADD7F8900E64758 /* LaunchScreen.xib */ = {
			isa = PBXVariantGroup;
			children = (
				175E0B921ADD7F8900E64758 /* Base */,
			);
			name = LaunchScreen.xib;
			sourceTree = "<group>";
		};
/* End PBXVariantGroup section */

/* Begin XCBuildConfiguration section */
		175E0BA01ADD7F8900E64758 /* Debug */ = {
			isa = XCBuildConfiguration;
			buildSettings = {
				ALWAYS_SEARCH_USER_PATHS = NO;
				CLANG_CXX_LANGUAGE_STANDARD = "gnu++0x";
				CLANG_CXX_LIBRARY = "libc++";
				CLANG_ENABLE_MODULES = YES;
				CLANG_ENABLE_OBJC_ARC = YES;
				CLANG_WARN_BOOL_CONVERSION = YES;
				CLANG_WARN_CONSTANT_CONVERSION = YES;
				CLANG_WARN_DIRECT_OBJC_ISA_USAGE = YES_ERROR;
				CLANG_WARN_EMPTY_BODY = YES;
				CLANG_WARN_ENUM_CONVERSION = YES;
				CLANG_WARN_INT_CONVERSION = YES;
				CLANG_WARN_OBJC_ROOT_CLASS = YES_ERROR;
				CLANG_WARN_UNREACHABLE_CODE = YES;
				CLANG_WARN__DUPLICATE_METHOD_MATCH = YES;
				"CODE_SIGN_IDENTITY[sdk=iphoneos*]" = "iPhone Developer";
				COPY_PHASE_STRIP = NO;
				DEBUG_INFORMATION_FORMAT = "dwarf-with-dsym";
				ENABLE_STRICT_OBJC_MSGSEND = YES;
				GCC_C_LANGUAGE_STANDARD = gnu99;
				GCC_DYNAMIC_NO_PIC = NO;
				GCC_NO_COMMON_BLOCKS = YES;
				GCC_OPTIMIZATION_LEVEL = 0;
				GCC_PREPROCESSOR_DEFINITIONS = (
					"DEBUG=1",
					"$(inherited)",
				);
				GCC_SYMBOLS_PRIVATE_EXTERN = NO;
				GCC_WARN_64_TO_32_BIT_CONVERSION = YES;
				GCC_WARN_ABOUT_RETURN_TYPE = YES_ERROR;
				GCC_WARN_UNDECLARED_SELECTOR = YES;
				GCC_WARN_UNINITIALIZED_AUTOS = YES_AGGRESSIVE;
				GCC_WARN_UNUSED_FUNCTION = YES;
				GCC_WARN_UNUSED_VARIABLE = YES;
				IPHONEOS_DEPLOYMENT_TARGET = 8.3;
				MTL_ENABLE_DEBUG_INFO = YES;
				ONLY_ACTIVE_ARCH = YES;
				SDKROOT = iphoneos;
				TARGETED_DEVICE_FAMILY = "1,2";
			};
			name = Debug;
		};
		175E0BA11ADD7F8900E64758 /* Release */ = {
			isa = XCBuildConfiguration;
			buildSettings = {
				ALWAYS_SEARCH_USER_PATHS = NO;
				CLANG_CXX_LANGUAGE_STANDARD = "gnu++0x";
				CLANG_CXX_LIBRARY = "libc++";
				CLANG_ENABLE_MODULES = YES;
				CLANG_ENABLE_OBJC_ARC = YES;
				CLANG_WARN_BOOL_CONVERSION = YES;
				CLANG_WARN_CONSTANT_CONVERSION = YES;
				CLANG_WARN_DIRECT_OBJC_ISA_USAGE = YES_ERROR;
				CLANG_WARN_EMPTY_BODY = YES;
				CLANG_WARN_ENUM_CONVERSION = YES;
				CLANG_WARN_INT_CONVERSION = YES;
				CLANG_WARN_OBJC_ROOT_CLASS = YES_ERROR;
				CLANG_WARN_UNREACHABLE_CODE = YES;
				CLANG_WARN__DUPLICATE_METHOD_MATCH = YES;
				"CODE_SIGN_IDENTITY[sdk=iphoneos*]" = "iPhone Developer";
				COPY_PHASE_STRIP = NO;
				DEBUG_INFORMATION_FORMAT = "dwarf-with-dsym";
				ENABLE_NS_ASSERTIONS = NO;
				ENABLE_STRICT_OBJC_MSGSEND = YES;
				GCC_C_LANGUAGE_STANDARD = gnu99;
				GCC_NO_COMMON_BLOCKS = YES;
				GCC_WARN_64_TO_32_BIT_CONVERSION = YES;
				GCC_WARN_ABOUT_RETURN_TYPE = YES_ERROR;
				GCC_WARN_UNDECLARED_SELECTOR = YES;
				GCC_WARN_UNINITIALIZED_AUTOS = YES_AGGRESSIVE;
				GCC_WARN_UNUSED_FUNCTION = YES;
				GCC_WARN_UNUSED_VARIABLE = YES;
				IPHONEOS_DEPLOYMENT_TARGET = 8.3;
				MTL_ENABLE_DEBUG_INFO = NO;
				SDKROOT = iphoneos;
				TARGETED_DEVICE_FAMILY = "1,2";
				VALIDATE_PRODUCT = YES;
			};
			name = Release;
		};
		175E0BA31ADD7F8900E64758 /* Debug */ = {
			isa = XCBuildConfiguration;
			buildSettings = {
				ASSETCATALOG_COMPILER_APPICON_NAME = AppIcon;
				INFOPLIST_FILE = CarBrowser/Info.plist;
				LD_RUNPATH_SEARCH_PATHS = "$(inherited) @executable_path/Frameworks";
				PRODUCT_NAME = "$(TARGET_NAME)";
			};
			name = Debug;
		};
		175E0BA41ADD7F8900E64758 /* Release */ = {
			isa = XCBuildConfiguration;
			buildSettings = {
				ASSETCATALOG_COMPILER_APPICON_NAME = AppIcon;
				INFOPLIST_FILE = CarBrowser/Info.plist;
				LD_RUNPATH_SEARCH_PATHS = "$(inherited) @executable_path/Frameworks";
				PRODUCT_NAME = "$(TARGET_NAME)";
			};
			name = Release;
		};
		175E0BA61ADD7F8900E64758 /* Debug */ = {
			isa = XCBuildConfiguration;
			buildSettings = {
				BUNDLE_LOADER = "$(TEST_HOST)";
				FRAMEWORK_SEARCH_PATHS = (
					"$(SDKROOT)/Developer/Library/Frameworks",
					"$(inherited)",
				);
				GCC_PREPROCESSOR_DEFINITIONS = (
					"DEBUG=1",
					"$(inherited)",
				);
				INFOPLIST_FILE = CarBrowserTests/Info.plist;
				LD_RUNPATH_SEARCH_PATHS = "$(inherited) @executable_path/Frameworks @loader_path/Frameworks";
				PRODUCT_NAME = "$(TARGET_NAME)";
				TEST_HOST = "$(BUILT_PRODUCTS_DIR)/CarBrowser.app/CarBrowser";
			};
			name = Debug;
		};
		175E0BA71ADD7F8900E64758 /* Release */ = {
			isa = XCBuildConfiguration;
			buildSettings = {
				BUNDLE_LOADER = "$(TEST_HOST)";
				FRAMEWORK_SEARCH_PATHS = (
					"$(SDKROOT)/Developer/Library/Frameworks",
					"$(inherited)",
				);
				INFOPLIST_FILE = CarBrowserTests/Info.plist;
				LD_RUNPATH_SEARCH_PATHS = "$(inherited) @executable_path/Frameworks @loader_path/Frameworks";
				PRODUCT_NAME = "$(TARGET_NAME)";
				TEST_HOST = "$(BUILT_PRODUCTS_DIR)/CarBrowser.app/CarBrowser";
			};
			name = Release;
		};
/* End XCBuildConfiguration section */

/* Begin XCConfigurationList section */
		175E0B771ADD7F8900E64758 /* Build configuration list for PBXProject "CarBrowser" */ = {
			isa = XCConfigurationList;
			buildConfigurations = (
				175E0BA01ADD7F8900E64758 /* Debug */,
				175E0BA11ADD7F8900E64758 /* Release */,
			);
			defaultConfigurationIsVisible = 0;
			defaultConfigurationName = Release;
		};
		175E0BA21ADD7F8900E64758 /* Build configuration list for PBXNativeTarget "CarBrowser" */ = {
			isa = XCConfigurationList;
			buildConfigurations = (
				175E0BA31ADD7F8900E64758 /* Debug */,
				175E0BA41ADD7F8900E64758 /* Release */,
			);
			defaultConfigurationIsVisible = 0;
		};
		175E0BA51ADD7F8900E64758 /* Build configuration list for PBXNativeTarget "CarBrowserTests" */ = {
			isa = XCConfigurationList;
			buildConfigurations = (
				175E0BA61ADD7F8900E64758 /* Debug */,
				175E0BA71ADD7F8900E64758 /* Release */,
			);
			defaultConfigurationIsVisible = 0;
		};
/* End XCConfigurationList section */
	};
	rootObject = 175E0B741ADD7F8900E64758 /* Project object */;
}
